{
    "_meta": {
        "hash": {
            "sha256": "5da6d85ddba9246f97b9aeb5186ce06bcd32d5b6fa4512b559b14b88a8a4dab2"
        },
        "pipfile-spec": 6,
        "requires": {
            "python_version": "2.7"
        },
        "sources": [
            {
                "name": "pypi",
                "url": "https://pypi.org/simple",
                "verify_ssl": true
            }
        ]
    },
    "default": {
        "bottle": {
            "hashes": [
                "sha256:39b751aee0b167be8dffb63ca81b735bbf1dd0905b3bc42761efedee8f123355"
            ],
            "index": "pypi",
            "version": "==0.12.13"
        }
    },
    "develop": {}
}
